// !$*UTF8*$!
{
	archiveVersion = 1;
	classes = {
	};
	objectVersion = 46;
	objects = {

/* Begin PBXBuildFile section */
		0A3C94721AF2BBAB008B0EE9 /* dragon.png in Resources */ = {isa = PBXBuildFile; fileRef = 0A3C946A1AF2BBAB008B0EE9 /* dragon.png */; };
		0A3C94741AF2BBAB008B0EE9 /* firemage.png in Resources */ = {isa = PBXBuildFile; fileRef = 0A3C946C1AF2BBAB008B0EE9 /* firemage.png */; };
		0A3C94751AF2BBAB008B0EE9 /* horse.png in Resources */ = {isa = PBXBuildFile; fileRef = 0A3C946D1AF2BBAB008B0EE9 /* horse.png */; };
		0A3C94761AF2BBAB008B0EE9 /* king.png in Resources */ = {isa = PBXBuildFile; fileRef = 0A3C946E1AF2BBAB008B0EE9 /* king.png */; };
		0A3C94781AF2BBAB008B0EE9 /* royalguard.png in Resources */ = {isa = PBXBuildFile; fileRef = 0A3C94701AF2BBAB008B0EE9 /* royalguard.png */; };
		0A3C947A1AF2BCB8008B0EE9 /* lightmage.png in Resources */ = {isa = PBXBuildFile; fileRef = 0A3C94791AF2BCB8008B0EE9 /* lightmage.png */; };
		0A3C947C1AF2C000008B0EE9 /* dragonslayer.png in Resources */ = {isa = PBXBuildFile; fileRef = 0A3C947B1AF2C000008B0EE9 /* dragonslayer.png */; };
		0A3C94821AF2C5E2008B0EE9 /* archer.png in Resources */ = {isa = PBXBuildFile; fileRef = 0A3C94811AF2C5E2008B0EE9 /* archer.png */; };
		0A3C948B1AF2C5ED008B0EE9 /* altarcher.png in Resources */ = {isa = PBXBuildFile; fileRef = 0A3C94831AF2C5ED008B0EE9 /* altarcher.png */; };
		0A3C948C1AF2C5ED008B0EE9 /* altdragon.png in Resources */ = {isa = PBXBuildFile; fileRef = 0A3C94841AF2C5ED008B0EE9 /* altdragon.png */; };
		0A3C948D1AF2C5ED008B0EE9 /* althorse.png in Resources */ = {isa = PBXBuildFile; fileRef = 0A3C94851AF2C5ED008B0EE9 /* althorse.png */; };
		0A3C948E1AF2C5ED008B0EE9 /* altking.png in Resources */ = {isa = PBXBuildFile; fileRef = 0A3C94861AF2C5ED008B0EE9 /* altking.png */; };
		0A3C948F1AF2C5ED008B0EE9 /* altlightmage.png in Resources */ = {isa = PBXBuildFile; fileRef = 0A3C94871AF2C5ED008B0EE9 /* altlightmage.png */; };
		0A3C94901AF2C5ED008B0EE9 /* altpawn.png in Resources */ = {isa = PBXBuildFile; fileRef = 0A3C94881AF2C5ED008B0EE9 /* altpawn.png */; };
		0A3C94911AF2C5ED008B0EE9 /* altroyalguard.png in Resources */ = {isa = PBXBuildFile; fileRef = 0A3C94891AF2C5ED008B0EE9 /* altroyalguard.png */; };
		0A3C94921AF2C5ED008B0EE9 /* alttower.png in Resources */ = {isa = PBXBuildFile; fileRef = 0A3C948A1AF2C5ED008B0EE9 /* alttower.png */; };
		0A3C94941AF2C745008B0EE9 /* altfiremage.png in Resources */ = {isa = PBXBuildFile; fileRef = 0A3C94931AF2C745008B0EE9 /* altfiremage.png */; };
		0A3C94961AF2C8B5008B0EE9 /* altcatapult.png in Resources */ = {isa = PBXBuildFile; fileRef = 0A3C94951AF2C8B5008B0EE9 /* altcatapult.png */; };
		0A3C94981AF2C950008B0EE9 /* altdragonslayer.png in Resources */ = {isa = PBXBuildFile; fileRef = 0A3C94971AF2C950008B0EE9 /* altdragonslayer.png */; };
		0A3C949B1AF2D1D5008B0EE9 /* tree.png in Resources */ = {isa = PBXBuildFile; fileRef = 0A3C949A1AF2D1D5008B0EE9 /* tree.png */; };
		0A3C949D1AF2D1DB008B0EE9 /* mountain.png in Resources */ = {isa = PBXBuildFile; fileRef = 0A3C949C1AF2D1DB008B0EE9 /* mountain.png */; };
		0A3C949F1AF7F8DA008B0EE9 /* erable.jpg in Resources */ = {isa = PBXBuildFile; fileRef = 0A3C949E1AF7F8DA008B0EE9 /* erable.jpg */; };
		0A3C94A11AF7FA5D008B0EE9 /* walnut.jpg in Resources */ = {isa = PBXBuildFile; fileRef = 0A3C94A01AF7FA5D008B0EE9 /* walnut.jpg */; };
		0A3C94A41AF7FC1C008B0EE9 /* white.png in Resources */ = {isa = PBXBuildFile; fileRef = 0A3C94A31AF7FC1C008B0EE9 /* white.png */; };
		0A3C94A61AF7FD3C008B0EE9 /* blue.png in Resources */ = {isa = PBXBuildFile; fileRef = 0A3C94A51AF7FD3C008B0EE9 /* blue.png */; };
		0A91C9F81AAF32F700D7B54D /* main.m in Sources */ = {isa = PBXBuildFile; fileRef = 0A91C9F71AAF32F700D7B54D /* main.m */; };
		0A91C9FB1AAF32F700D7B54D /* AppDelegate.m in Sources */ = {isa = PBXBuildFile; fileRef = 0A91C9FA1AAF32F700D7B54D /* AppDelegate.m */; };
		0A91C9FE1AAF32F700D7B54D /* GameScene.m in Sources */ = {isa = PBXBuildFile; fileRef = 0A91C9FD1AAF32F700D7B54D /* GameScene.m */; };
		0A91CA001AAF32F700D7B54D /* GameScene.sks in Resources */ = {isa = PBXBuildFile; fileRef = 0A91C9FF1AAF32F700D7B54D /* GameScene.sks */; };
		0A91CA031AAF32F700D7B54D /* GameViewController.m in Sources */ = {isa = PBXBuildFile; fileRef = 0A91CA021AAF32F700D7B54D /* GameViewController.m */; };
		0A91CA061AAF32F700D7B54D /* Main.storyboard in Resources */ = {isa = PBXBuildFile; fileRef = 0A91CA041AAF32F700D7B54D /* Main.storyboard */; };
		0A91CA081AAF32F700D7B54D /* Images.xcassets in Resources */ = {isa = PBXBuildFile; fileRef = 0A91CA071AAF32F700D7B54D /* Images.xcassets */; };
		0A91CA0B1AAF32F700D7B54D /* LaunchScreen.xib in Resources */ = {isa = PBXBuildFile; fileRef = 0A91CA091AAF32F700D7B54D /* LaunchScreen.xib */; };
		0A91CA171AAF32F800D7B54D /* CyvasseDevTests.m in Sources */ = {isa = PBXBuildFile; fileRef = 0A91CA161AAF32F800D7B54D /* CyvasseDevTests.m */; };
		0A91CA261AAF349000D7B54D /* SKCell.m in Sources */ = {isa = PBXBuildFile; fileRef = 0A91CA251AAF349000D7B54D /* SKCell.m */; };
		0ADE5EC61ABCA4B5003A7F21 /* pawn.png in Resources */ = {isa = PBXBuildFile; fileRef = 0ADE5EC51ABCA4B5003A7F21 /* pawn.png */; };
		0ADE5EE01ABCB81D003A7F21 /* tower.png in Resources */ = {isa = PBXBuildFile; fileRef = 0ADE5EDF1ABCB81D003A7F21 /* tower.png */; };
		0AE093C71AB12FEE003EBEA2 /* SKPiece.m in Sources */ = {isa = PBXBuildFile; fileRef = 0AE093C61AB12FEE003EBEA2 /* SKPiece.m */; };
		0AE093D51AC0D2CA003EBEA2 /* catapult.png in Resources */ = {isa = PBXBuildFile; fileRef = 0AE093D41AC0D2CA003EBEA2 /* catapult.png */; };
/* End PBXBuildFile section */

/* Begin PBXContainerItemProxy section */
		0A91CA111AAF32F800D7B54D /* PBXContainerItemProxy */ = {
			isa = PBXContainerItemProxy;
			containerPortal = 0A91C9EA1AAF32F700D7B54D /* Project object */;
			proxyType = 1;
			remoteGlobalIDString = 0A91C9F11AAF32F700D7B54D;
			remoteInfo = CyvasseDev;
		};
/* End PBXContainerItemProxy section */

/* Begin PBXFileReference section */
		0A3C946A1AF2BBAB008B0EE9 /* dragon.png */ = {isa = PBXFileReference; lastKnownFileType = image.png; path = dragon.png; sourceTree = "<group>"; };
		0A3C946C1AF2BBAB008B0EE9 /* firemage.png */ = {isa = PBXFileReference; lastKnownFileType = image.png; path = firemage.png; sourceTree = "<group>"; };
		0A3C946D1AF2BBAB008B0EE9 /* horse.png */ = {isa = PBXFileReference; lastKnownFileType = image.png; path = horse.png; sourceTree = "<group>"; };
		0A3C946E1AF2BBAB008B0EE9 /* king.png */ = {isa = PBXFileReference; lastKnownFileType = image.png; path = king.png; sourceTree = "<group>"; };
		0A3C94701AF2BBAB008B0EE9 /* royalguard.png */ = {isa = PBXFileReference; lastKnownFileType = image.png; path = royalguard.png; sourceTree = "<group>"; };
		0A3C94791AF2BCB8008B0EE9 /* lightmage.png */ = {isa = PBXFileReference; lastKnownFileType = image.png; path = lightmage.png; sourceTree = "<group>"; };
		0A3C947B1AF2C000008B0EE9 /* dragonslayer.png */ = {isa = PBXFileReference; lastKnownFileType = image.png; path = dragonslayer.png; sourceTree = "<group>"; };
		0A3C94811AF2C5E2008B0EE9 /* archer.png */ = {isa = PBXFileReference; lastKnownFileType = image.png; path = archer.png; sourceTree = "<group>"; };
		0A3C94831AF2C5ED008B0EE9 /* altarcher.png */ = {isa = PBXFileReference; lastKnownFileType = image.png; path = altarcher.png; sourceTree = "<group>"; };
		0A3C94841AF2C5ED008B0EE9 /* altdragon.png */ = {isa = PBXFileReference; lastKnownFileType = image.png; path = altdragon.png; sourceTree = "<group>"; };
		0A3C94851AF2C5ED008B0EE9 /* althorse.png */ = {isa = PBXFileReference; lastKnownFileType = image.png; path = althorse.png; sourceTree = "<group>"; };
		0A3C94861AF2C5ED008B0EE9 /* altking.png */ = {isa = PBXFileReference; lastKnownFileType = image.png; path = altking.png; sourceTree = "<group>"; };
		0A3C94871AF2C5ED008B0EE9 /* altlightmage.png */ = {isa = PBXFileReference; lastKnownFileType = image.png; path = altlightmage.png; sourceTree = "<group>"; };
		0A3C94881AF2C5ED008B0EE9 /* altpawn.png */ = {isa = PBXFileReference; lastKnownFileType = image.png; path = altpawn.png; sourceTree = "<group>"; };
		0A3C94891AF2C5ED008B0EE9 /* altroyalguard.png */ = {isa = PBXFileReference; lastKnownFileType = image.png; path = altroyalguard.png; sourceTree = "<group>"; };
		0A3C948A1AF2C5ED008B0EE9 /* alttower.png */ = {isa = PBXFileReference; lastKnownFileType = image.png; path = alttower.png; sourceTree = "<group>"; };
		0A3C94931AF2C745008B0EE9 /* altfiremage.png */ = {isa = PBXFileReference; lastKnownFileType = image.png; path = altfiremage.png; sourceTree = "<group>"; };
		0A3C94951AF2C8B5008B0EE9 /* altcatapult.png */ = {isa = PBXFileReference; lastKnownFileType = image.png; path = altcatapult.png; sourceTree = "<group>"; };
		0A3C94971AF2C950008B0EE9 /* altdragonslayer.png */ = {isa = PBXFileReference; lastKnownFileType = image.png; path = altdragonslayer.png; sourceTree = "<group>"; };
		0A3C949A1AF2D1D5008B0EE9 /* tree.png */ = {isa = PBXFileReference; lastKnownFileType = image.png; path = tree.png; sourceTree = "<group>"; };
		0A3C949C1AF2D1DB008B0EE9 /* mountain.png */ = {isa = PBXFileReference; lastKnownFileType = image.png; path = mountain.png; sourceTree = "<group>"; };
		0A3C949E1AF7F8DA008B0EE9 /* erable.jpg */ = {isa = PBXFileReference; lastKnownFileType = image.jpeg; path = erable.jpg; sourceTree = "<group>"; };
		0A3C94A01AF7FA5D008B0EE9 /* walnut.jpg */ = {isa = PBXFileReference; lastKnownFileType = image.jpeg; path = walnut.jpg; sourceTree = "<group>"; };
		0A3C94A31AF7FC1C008B0EE9 /* white.png */ = {isa = PBXFileReference; lastKnownFileType = image.png; path = white.png; sourceTree = "<group>"; };
		0A3C94A51AF7FD3C008B0EE9 /* blue.png */ = {isa = PBXFileReference; lastKnownFileType = image.png; path = blue.png; sourceTree = "<group>"; };
		0A91C9F21AAF32F700D7B54D /* CyvasseDev.app */ = {isa = PBXFileReference; explicitFileType = wrapper.application; includeInIndex = 0; path = CyvasseDev.app; sourceTree = BUILT_PRODUCTS_DIR; };
		0A91C9F61AAF32F700D7B54D /* Info.plist */ = {isa = PBXFileReference; lastKnownFileType = text.plist.xml; path = Info.plist; sourceTree = "<group>"; };
		0A91C9F71AAF32F700D7B54D /* main.m */ = {isa = PBXFileReference; lastKnownFileType = sourcecode.c.objc; path = main.m; sourceTree = "<group>"; };
		0A91C9F91AAF32F700D7B54D /* AppDelegate.h */ = {isa = PBXFileReference; lastKnownFileType = sourcecode.c.h; path = AppDelegate.h; sourceTree = "<group>"; };
		0A91C9FA1AAF32F700D7B54D /* AppDelegate.m */ = {isa = PBXFileReference; lastKnownFileType = sourcecode.c.objc; path = AppDelegate.m; sourceTree = "<group>"; };
		0A91C9FC1AAF32F700D7B54D /* GameScene.h */ = {isa = PBXFileReference; lastKnownFileType = sourcecode.c.h; path = GameScene.h; sourceTree = "<group>"; };
		0A91C9FD1AAF32F700D7B54D /* GameScene.m */ = {isa = PBXFileReference; lastKnownFileType = sourcecode.c.objc; path = GameScene.m; sourceTree = "<group>"; };
		0A91C9FF1AAF32F700D7B54D /* GameScene.sks */ = {isa = PBXFileReference; lastKnownFileType = file.sks; path = GameScene.sks; sourceTree = "<group>"; };
		0A91CA011AAF32F700D7B54D /* GameViewController.h */ = {isa = PBXFileReference; lastKnownFileType = sourcecode.c.h; path = GameViewController.h; sourceTree = "<group>"; };
		0A91CA021AAF32F700D7B54D /* GameViewController.m */ = {isa = PBXFileReference; lastKnownFileType = sourcecode.c.objc; path = GameViewController.m; sourceTree = "<group>"; };
		0A91CA051AAF32F700D7B54D /* Base */ = {isa = PBXFileReference; lastKnownFileType = file.storyboard; name = Base; path = Base.lproj/Main.storyboard; sourceTree = "<group>"; };
		0A91CA071AAF32F700D7B54D /* Images.xcassets */ = {isa = PBXFileReference; lastKnownFileType = folder.assetcatalog; path = Images.xcassets; sourceTree = "<group>"; };
		0A91CA0A1AAF32F700D7B54D /* Base */ = {isa = PBXFileReference; lastKnownFileType = file.xib; name = Base; path = Base.lproj/LaunchScreen.xib; sourceTree = "<group>"; };
		0A91CA101AAF32F800D7B54D /* CyvasseDevTests.xctest */ = {isa = PBXFileReference; explicitFileType = wrapper.cfbundle; includeInIndex = 0; path = CyvasseDevTests.xctest; sourceTree = BUILT_PRODUCTS_DIR; };
		0A91CA151AAF32F800D7B54D /* Info.plist */ = {isa = PBXFileReference; lastKnownFileType = text.plist.xml; path = Info.plist; sourceTree = "<group>"; };
		0A91CA161AAF32F800D7B54D /* CyvasseDevTests.m */ = {isa = PBXFileReference; lastKnownFileType = sourcecode.c.objc; path = CyvasseDevTests.m; sourceTree = "<group>"; };
		0A91CA241AAF349000D7B54D /* SKCell.h */ = {isa = PBXFileReference; fileEncoding = 4; lastKnownFileType = sourcecode.c.h; name = SKCell.h; path = ../SKCell.h; sourceTree = "<group>"; };
		0A91CA251AAF349000D7B54D /* SKCell.m */ = {isa = PBXFileReference; fileEncoding = 4; lastKnownFileType = sourcecode.c.objc; name = SKCell.m; path = ../SKCell.m; sourceTree = "<group>"; };
		0ADE5EC51ABCA4B5003A7F21 /* pawn.png */ = {isa = PBXFileReference; lastKnownFileType = image.png; path = pawn.png; sourceTree = "<group>"; };
		0ADE5EDF1ABCB81D003A7F21 /* tower.png */ = {isa = PBXFileReference; lastKnownFileType = image.png; path = tower.png; sourceTree = "<group>"; };
		0AE093C51AB12FEE003EBEA2 /* SKPiece.h */ = {isa = PBXFileReference; fileEncoding = 4; lastKnownFileType = sourcecode.c.h; path = SKPiece.h; sourceTree = "<group>"; };
		0AE093C61AB12FEE003EBEA2 /* SKPiece.m */ = {isa = PBXFileReference; fileEncoding = 4; lastKnownFileType = sourcecode.c.objc; path = SKPiece.m; sourceTree = "<group>"; };
		0AE093D41AC0D2CA003EBEA2 /* catapult.png */ = {isa = PBXFileReference; lastKnownFileType = image.png; path = catapult.png; sourceTree = "<group>"; };
/* End PBXFileReference section */

/* Begin PBXFrameworksBuildPhase section */
		0A91C9EF1AAF32F700D7B54D /* Frameworks */ = {
			isa = PBXFrameworksBuildPhase;
			buildActionMask = 2147483647;
			files = (
			);
			runOnlyForDeploymentPostprocessing = 0;
		};
		0A91CA0D1AAF32F800D7B54D /* Frameworks */ = {
			isa = PBXFrameworksBuildPhase;
			buildActionMask = 2147483647;
			files = (
			);
			runOnlyForDeploymentPostprocessing = 0;
		};
/* End PBXFrameworksBuildPhase section */

/* Begin PBXGroup section */
		0A3C947F1AF2C5BD008B0EE9 /* Black */ = {
			isa = PBXGroup;
			children = (
				0A3C946A1AF2BBAB008B0EE9 /* dragon.png */,
				0A3C946C1AF2BBAB008B0EE9 /* firemage.png */,
				0A3C946D1AF2BBAB008B0EE9 /* horse.png */,
				0A3C947B1AF2C000008B0EE9 /* dragonslayer.png */,
				0A3C94811AF2C5E2008B0EE9 /* archer.png */,
				0A3C946E1AF2BBAB008B0EE9 /* king.png */,
				0A3C94791AF2BCB8008B0EE9 /* lightmage.png */,
				0A3C94701AF2BBAB008B0EE9 /* royalguard.png */,
				0ADE5EC51ABCA4B5003A7F21 /* pawn.png */,
				0AE093D41AC0D2CA003EBEA2 /* catapult.png */,
				0ADE5EDF1ABCB81D003A7F21 /* tower.png */,
			);
			name = Black;
			sourceTree = "<group>";
		};
		0A3C94801AF2C5C2008B0EE9 /* Alternative */ = {
			isa = PBXGroup;
			children = (
				0A3C94831AF2C5ED008B0EE9 /* altarcher.png */,
				0A3C94931AF2C745008B0EE9 /* altfiremage.png */,
				0A3C94841AF2C5ED008B0EE9 /* altdragon.png */,
				0A3C94851AF2C5ED008B0EE9 /* althorse.png */,
				0A3C94861AF2C5ED008B0EE9 /* altking.png */,
				0A3C94871AF2C5ED008B0EE9 /* altlightmage.png */,
				0A3C94971AF2C950008B0EE9 /* altdragonslayer.png */,
				0A3C94881AF2C5ED008B0EE9 /* altpawn.png */,
				0A3C94951AF2C8B5008B0EE9 /* altcatapult.png */,
				0A3C94891AF2C5ED008B0EE9 /* altroyalguard.png */,
				0A3C948A1AF2C5ED008B0EE9 /* alttower.png */,
			);
			name = Alternative;
			sourceTree = "<group>";
		};
		0A3C94991AF2D1CE008B0EE9 /* Giants */ = {
			isa = PBXGroup;
			children = (
				0A3C949C1AF2D1DB008B0EE9 /* mountain.png */,
				0A3C949A1AF2D1D5008B0EE9 /* tree.png */,
			);
			name = Giants;
			sourceTree = "<group>";
		};
		0A3C94A21AF7FA68008B0EE9 /* Textures */ = {
			isa = PBXGroup;
			children = (
				0A3C94A51AF7FD3C008B0EE9 /* blue.png */,
				0A3C94A31AF7FC1C008B0EE9 /* white.png */,
				0A3C94A01AF7FA5D008B0EE9 /* walnut.jpg */,
				0A3C949E1AF7F8DA008B0EE9 /* erable.jpg */,
			);
			name = Textures;
			sourceTree = "<group>";
		};
		0A91C9E91AAF32F700D7B54D = {
			isa = PBXGroup;
			children = (
				0A91C9F41AAF32F700D7B54D /* CyvasseDev */,
				0A91CA131AAF32F800D7B54D /* CyvasseDevTests */,
				0A91C9F31AAF32F700D7B54D /* Products */,
			);
			sourceTree = "<group>";
		};
		0A91C9F31AAF32F700D7B54D /* Products */ = {
			isa = PBXGroup;
			children = (
				0A91C9F21AAF32F700D7B54D /* CyvasseDev.app */,
				0A91CA101AAF32F800D7B54D /* CyvasseDevTests.xctest */,
			);
			name = Products;
			sourceTree = "<group>";
		};
		0A91C9F41AAF32F700D7B54D /* CyvasseDev */ = {
			isa = PBXGroup;
			children = (
				0A3C94A21AF7FA68008B0EE9 /* Textures */,
				0AE093CA1AB130FC003EBEA2 /* Pieces */,
				0A91CA201AAF331C00D7B54D /* Classes */,
				0A91C9F91AAF32F700D7B54D /* AppDelegate.h */,
				0A91C9FA1AAF32F700D7B54D /* AppDelegate.m */,
				0A91C9FC1AAF32F700D7B54D /* GameScene.h */,
				0A91C9FD1AAF32F700D7B54D /* GameScene.m */,
				0A91C9FF1AAF32F700D7B54D /* GameScene.sks */,
				0A91CA011AAF32F700D7B54D /* GameViewController.h */,
				0A91CA021AAF32F700D7B54D /* GameViewController.m */,
				0A91CA041AAF32F700D7B54D /* Main.storyboard */,
				0A91CA071AAF32F700D7B54D /* Images.xcassets */,
				0A91CA091AAF32F700D7B54D /* LaunchScreen.xib */,
				0A91C9F51AAF32F700D7B54D /* Supporting Files */,
			);
			path = CyvasseDev;
			sourceTree = "<group>";
		};
		0A91C9F51AAF32F700D7B54D /* Supporting Files */ = {
			isa = PBXGroup;
			children = (
				0A91C9F61AAF32F700D7B54D /* Info.plist */,
				0A91C9F71AAF32F700D7B54D /* main.m */,
			);
			name = "Supporting Files";
			sourceTree = "<group>";
		};
		0A91CA131AAF32F800D7B54D /* CyvasseDevTests */ = {
			isa = PBXGroup;
			children = (
				0A91CA161AAF32F800D7B54D /* CyvasseDevTests.m */,
				0A91CA141AAF32F800D7B54D /* Supporting Files */,
			);
			path = CyvasseDevTests;
			sourceTree = "<group>";
		};
		0A91CA141AAF32F800D7B54D /* Supporting Files */ = {
			isa = PBXGroup;
			children = (
				0A91CA151AAF32F800D7B54D /* Info.plist */,
			);
			name = "Supporting Files";
			sourceTree = "<group>";
		};
		0A91CA201AAF331C00D7B54D /* Classes */ = {
			isa = PBXGroup;
			children = (
				0A91CA241AAF349000D7B54D /* SKCell.h */,
				0A91CA251AAF349000D7B54D /* SKCell.m */,
				0AE093C51AB12FEE003EBEA2 /* SKPiece.h */,
				0AE093C61AB12FEE003EBEA2 /* SKPiece.m */,
			);
			name = Classes;
			sourceTree = "<group>";
		};
		0AE093CA1AB130FC003EBEA2 /* Pieces */ = {
			isa = PBXGroup;
			children = (
				0A3C94991AF2D1CE008B0EE9 /* Giants */,
				0A3C94801AF2C5C2008B0EE9 /* Alternative */,
				0A3C947F1AF2C5BD008B0EE9 /* Black */,
			);
			name = Pieces;
			sourceTree = "<group>";
		};
/* End PBXGroup section */

/* Begin PBXNativeTarget section */
		0A91C9F11AAF32F700D7B54D /* CyvasseDev */ = {
			isa = PBXNativeTarget;
			buildConfigurationList = 0A91CA1A1AAF32F800D7B54D /* Build configuration list for PBXNativeTarget "CyvasseDev" */;
			buildPhases = (
				0A91C9EE1AAF32F700D7B54D /* Sources */,
				0A91C9EF1AAF32F700D7B54D /* Frameworks */,
				0A91C9F01AAF32F700D7B54D /* Resources */,
			);
			buildRules = (
			);
			dependencies = (
			);
			name = CyvasseDev;
			productName = CyvasseDev;
			productReference = 0A91C9F21AAF32F700D7B54D /* CyvasseDev.app */;
			productType = "com.apple.product-type.application";
		};
		0A91CA0F1AAF32F800D7B54D /* CyvasseDevTests */ = {
			isa = PBXNativeTarget;
			buildConfigurationList = 0A91CA1D1AAF32F800D7B54D /* Build configuration list for PBXNativeTarget "CyvasseDevTests" */;
			buildPhases = (
				0A91CA0C1AAF32F800D7B54D /* Sources */,
				0A91CA0D1AAF32F800D7B54D /* Frameworks */,
				0A91CA0E1AAF32F800D7B54D /* Resources */,
			);
			buildRules = (
			);
			dependencies = (
				0A91CA121AAF32F800D7B54D /* PBXTargetDependency */,
			);
			name = CyvasseDevTests;
			productName = CyvasseDevTests;
			productReference = 0A91CA101AAF32F800D7B54D /* CyvasseDevTests.xctest */;
			productType = "com.apple.product-type.bundle.unit-test";
		};
/* End PBXNativeTarget section */

/* Begin PBXProject section */
		0A91C9EA1AAF32F700D7B54D /* Project object */ = {
			isa = PBXProject;
			attributes = {
				LastUpgradeCheck = 0610;
				ORGANIZATIONNAME = "BEPID-PucRJ";
				TargetAttributes = {
					0A91C9F11AAF32F700D7B54D = {
						CreatedOnToolsVersion = 6.1.1;
					};
					0A91CA0F1AAF32F800D7B54D = {
						CreatedOnToolsVersion = 6.1.1;
						TestTargetID = 0A91C9F11AAF32F700D7B54D;
					};
				};
			};
			buildConfigurationList = 0A91C9ED1AAF32F700D7B54D /* Build configuration list for PBXProject "CyvasseDev" */;
			compatibilityVersion = "Xcode 3.2";
			developmentRegion = English;
			hasScannedForEncodings = 0;
			knownRegions = (
				en,
				Base,
			);
			mainGroup = 0A91C9E91AAF32F700D7B54D;
			productRefGroup = 0A91C9F31AAF32F700D7B54D /* Products */;
			projectDirPath = "";
			projectRoot = "";
			targets = (
				0A91C9F11AAF32F700D7B54D /* CyvasseDev */,
				0A91CA0F1AAF32F800D7B54D /* CyvasseDevTests */,
			);
		};
/* End PBXProject section */

/* Begin PBXResourcesBuildPhase section */
		0A91C9F01AAF32F700D7B54D /* Resources */ = {
			isa = PBXResourcesBuildPhase;
			buildActionMask = 2147483647;
			files = (
				0A3C94901AF2C5ED008B0EE9 /* altpawn.png in Resources */,
				0A3C94751AF2BBAB008B0EE9 /* horse.png in Resources */,
				0A3C949B1AF2D1D5008B0EE9 /* tree.png in Resources */,
				0A3C94A61AF7FD3C008B0EE9 /* blue.png in Resources */,
				0A91CA0B1AAF32F700D7B54D /* LaunchScreen.xib in Resources */,
				0A3C94921AF2C5ED008B0EE9 /* alttower.png in Resources */,
				0A3C94911AF2C5ED008B0EE9 /* altroyalguard.png in Resources */,
				0A3C94A41AF7FC1C008B0EE9 /* white.png in Resources */,
				0ADE5EE01ABCB81D003A7F21 /* tower.png in Resources */,
				0A3C94961AF2C8B5008B0EE9 /* altcatapult.png in Resources */,
				0A91CA081AAF32F700D7B54D /* Images.xcassets in Resources */,
				0A3C948C1AF2C5ED008B0EE9 /* altdragon.png in Resources */,
				0A3C949D1AF2D1DB008B0EE9 /* mountain.png in Resources */,
				0A3C94781AF2BBAB008B0EE9 /* royalguard.png in Resources */,
				0A3C947C1AF2C000008B0EE9 /* dragonslayer.png in Resources */,
				0A3C948D1AF2C5ED008B0EE9 /* althorse.png in Resources */,
				0A3C948B1AF2C5ED008B0EE9 /* altarcher.png in Resources */,
				0ADE5EC61ABCA4B5003A7F21 /* pawn.png in Resources */,
				0A3C948F1AF2C5ED008B0EE9 /* altlightmage.png in Resources */,
				0A3C949F1AF7F8DA008B0EE9 /* erable.jpg in Resources */,
				0A3C94821AF2C5E2008B0EE9 /* archer.png in Resources */,
				0A3C94761AF2BBAB008B0EE9 /* king.png in Resources */,
				0A91CA001AAF32F700D7B54D /* GameScene.sks in Resources */,
				0A3C947A1AF2BCB8008B0EE9 /* lightmage.png in Resources */,
				0A3C94741AF2BBAB008B0EE9 /* firemage.png in Resources */,
				0A3C94941AF2C745008B0EE9 /* altfiremage.png in Resources */,
				0A3C94721AF2BBAB008B0EE9 /* dragon.png in Resources */,
				0A3C94981AF2C950008B0EE9 /* altdragonslayer.png in Resources */,
				0AE093D51AC0D2CA003EBEA2 /* catapult.png in Resources */,
				0A3C948E1AF2C5ED008B0EE9 /* altking.png in Resources */,
				0A3C94A11AF7FA5D008B0EE9 /* walnut.jpg in Resources */,
				0A91CA061AAF32F700D7B54D /* Main.storyboard in Resources */,
			);
			runOnlyForDeploymentPostprocessing = 0;
		};
		0A91CA0E1AAF32F800D7B54D /* Resources */ = {
			isa = PBXResourcesBuildPhase;
			buildActionMask = 2147483647;
			files = (
			);
			runOnlyForDeploymentPostprocessing = 0;
		};
/* End PBXResourcesBuildPhase section */

/* Begin PBXSourcesBuildPhase section */
		0A91C9EE1AAF32F700D7B54D /* Sources */ = {
			isa = PBXSourcesBuildPhase;
			buildActionMask = 2147483647;
			files = (
				0AE093C71AB12FEE003EBEA2 /* SKPiece.m in Sources */,
				0A91CA031AAF32F700D7B54D /* GameViewController.m in Sources */,
				0A91C9FB1AAF32F700D7B54D /* AppDelegate.m in Sources */,
				0A91C9FE1AAF32F700D7B54D /* GameScene.m in Sources */,
				0A91CA261AAF349000D7B54D /* SKCell.m in Sources */,
				0A91C9F81AAF32F700D7B54D /* main.m in Sources */,
			);
			runOnlyForDeploymentPostprocessing = 0;
		};
		0A91CA0C1AAF32F800D7B54D /* Sources */ = {
			isa = PBXSourcesBuildPhase;
			buildActionMask = 2147483647;
			files = (
				0A91CA171AAF32F800D7B54D /* CyvasseDevTests.m in Sources */,
			);
			runOnlyForDeploymentPostprocessing = 0;
		};
/* End PBXSourcesBuildPhase section */

/* Begin PBXTargetDependency section */
		0A91CA121AAF32F800D7B54D /* PBXTargetDependency */ = {
			isa = PBXTargetDependency;
			target = 0A91C9F11AAF32F700D7B54D /* CyvasseDev */;
			targetProxy = 0A91CA111AAF32F800D7B54D /* PBXContainerItemProxy */;
		};
/* End PBXTargetDependency section */

/* Begin PBXVariantGroup section */
		0A91CA041AAF32F700D7B54D /* Main.storyboard */ = {
			isa = PBXVariantGroup;
			children = (
				0A91CA051AAF32F700D7B54D /* Base */,
			);
			name = Main.storyboard;
			sourceTree = "<group>";
		};
		0A91CA091AAF32F700D7B54D /* LaunchScreen.xib */ = {
			isa = PBXVariantGroup;
			children = (
				0A91CA0A1AAF32F700D7B54D /* Base */,
			);
			name = LaunchScreen.xib;
			sourceTree = "<group>";
		};
/* End PBXVariantGroup section */

/* Begin XCBuildConfiguration section */
		0A91CA181AAF32F800D7B54D /* Debug */ = {
			isa = XCBuildConfiguration;
			buildSettings = {
				ALWAYS_SEARCH_USER_PATHS = NO;
				CLANG_CXX_LANGUAGE_STANDARD = "gnu++0x";
				CLANG_CXX_LIBRARY = "libc++";
				CLANG_ENABLE_MODULES = YES;
				CLANG_ENABLE_OBJC_ARC = YES;
				CLANG_WARN_BOOL_CONVERSION = YES;
				CLANG_WARN_CONSTANT_CONVERSION = YES;
				CLANG_WARN_DIRECT_OBJC_ISA_USAGE = YES_ERROR;
				CLANG_WARN_EMPTY_BODY = YES;
				CLANG_WARN_ENUM_CONVERSION = YES;
				CLANG_WARN_INT_CONVERSION = YES;
				CLANG_WARN_OBJC_ROOT_CLASS = YES_ERROR;
				CLANG_WARN_UNREACHABLE_CODE = YES;
				CLANG_WARN__DUPLICATE_METHOD_MATCH = YES;
				"CODE_SIGN_IDENTITY[sdk=iphoneos*]" = "iPhone Developer";
				COPY_PHASE_STRIP = NO;
				ENABLE_STRICT_OBJC_MSGSEND = YES;
				GCC_C_LANGUAGE_STANDARD = gnu99;
				GCC_DYNAMIC_NO_PIC = NO;
				GCC_OPTIMIZATION_LEVEL = 0;
				GCC_PREPROCESSOR_DEFINITIONS = (
					"DEBUG=1",
					"$(inherited)",
				);
				GCC_SYMBOLS_PRIVATE_EXTERN = NO;
				GCC_WARN_64_TO_32_BIT_CONVERSION = YES;
				GCC_WARN_ABOUT_RETURN_TYPE = YES_ERROR;
				GCC_WARN_UNDECLARED_SELECTOR = YES;
				GCC_WARN_UNINITIALIZED_AUTOS = YES_AGGRESSIVE;
				GCC_WARN_UNUSED_FUNCTION = YES;
				GCC_WARN_UNUSED_VARIABLE = YES;
				IPHONEOS_DEPLOYMENT_TARGET = 8.1;
				MTL_ENABLE_DEBUG_INFO = YES;
				ONLY_ACTIVE_ARCH = YES;
				SDKROOT = iphoneos;
				TARGETED_DEVICE_FAMILY = "1,2";
			};
			name = Debug;
		};
		0A91CA191AAF32F800D7B54D /* Release */ = {
			isa = XCBuildConfiguration;
			buildSettings = {
				ALWAYS_SEARCH_USER_PATHS = NO;
				CLANG_CXX_LANGUAGE_STANDARD = "gnu++0x";
				CLANG_CXX_LIBRARY = "libc++";
				CLANG_ENABLE_MODULES = YES;
				CLANG_ENABLE_OBJC_ARC = YES;
				CLANG_WARN_BOOL_CONVERSION = YES;
				CLANG_WARN_CONSTANT_CONVERSION = YES;
				CLANG_WARN_DIRECT_OBJC_ISA_USAGE = YES_ERROR;
				CLANG_WARN_EMPTY_BODY = YES;
				CLANG_WARN_ENUM_CONVERSION = YES;
				CLANG_WARN_INT_CONVERSION = YES;
				CLANG_WARN_OBJC_ROOT_CLASS = YES_ERROR;
				CLANG_WARN_UNREACHABLE_CODE = YES;
				CLANG_WARN__DUPLICATE_METHOD_MATCH = YES;
				"CODE_SIGN_IDENTITY[sdk=iphoneos*]" = "iPhone Developer";
				COPY_PHASE_STRIP = YES;
				ENABLE_NS_ASSERTIONS = NO;
				ENABLE_STRICT_OBJC_MSGSEND = YES;
				GCC_C_LANGUAGE_STANDARD = gnu99;
				GCC_WARN_64_TO_32_BIT_CONVERSION = YES;
				GCC_WARN_ABOUT_RETURN_TYPE = YES_ERROR;
				GCC_WARN_UNDECLARED_SELECTOR = YES;
				GCC_WARN_UNINITIALIZED_AUTOS = YES_AGGRESSIVE;
				GCC_WARN_UNUSED_FUNCTION = YES;
				GCC_WARN_UNUSED_VARIABLE = YES;
				IPHONEOS_DEPLOYMENT_TARGET = 8.1;
				MTL_ENABLE_DEBUG_INFO = NO;
				SDKROOT = iphoneos;
				TARGETED_DEVICE_FAMILY = "1,2";
				VALIDATE_PRODUCT = YES;
			};
			name = Release;
		};
		0A91CA1B1AAF32F800D7B54D /* Debug */ = {
			isa = XCBuildConfiguration;
			buildSettings = {
				ASSETCATALOG_COMPILER_APPICON_NAME = AppIcon;
				INFOPLIST_FILE = CyvasseDev/Info.plist;
				IPHONEOS_DEPLOYMENT_TARGET = 8.1;
				LD_RUNPATH_SEARCH_PATHS = "$(inherited) @executable_path/Frameworks";
				PRODUCT_NAME = "$(TARGET_NAME)";
			};
			name = Debug;
		};
		0A91CA1C1AAF32F800D7B54D /* Release */ = {
			isa = XCBuildConfiguration;
			buildSettings = {
				ASSETCATALOG_COMPILER_APPICON_NAME = AppIcon;
				INFOPLIST_FILE = CyvasseDev/Info.plist;
				IPHONEOS_DEPLOYMENT_TARGET = 8.1;
				LD_RUNPATH_SEARCH_PATHS = "$(inherited) @executable_path/Frameworks";
				PRODUCT_NAME = "$(TARGET_NAME)";
			};
			name = Release;
		};
		0A91CA1E1AAF32F800D7B54D /* Debug */ = {
			isa = XCBuildConfiguration;
			buildSettings = {
				BUNDLE_LOADER = "$(TEST_HOST)";
				FRAMEWORK_SEARCH_PATHS = (
					"$(SDKROOT)/Developer/Library/Frameworks",
					"$(inherited)",
				);
				GCC_PREPROCESSOR_DEFINITIONS = (
					"DEBUG=1",
					"$(inherited)",
				);
				INFOPLIST_FILE = CyvasseDevTests/Info.plist;
				LD_RUNPATH_SEARCH_PATHS = "$(inherited) @executable_path/Frameworks @loader_path/Frameworks";
				PRODUCT_NAME = "$(TARGET_NAME)";
				TEST_HOST = "$(BUILT_PRODUCTS_DIR)/CyvasseDev.app/CyvasseDev";
			};
			name = Debug;
		};
		0A91CA1F1AAF32F800D7B54D /* Release */ = {
			isa = XCBuildConfiguration;
			buildSettings = {
				BUNDLE_LOADER = "$(TEST_HOST)";
				FRAMEWORK_SEARCH_PATHS = (
					"$(SDKROOT)/Developer/Library/Frameworks",
					"$(inherited)",
				);
				INFOPLIST_FILE = CyvasseDevTests/Info.plist;
				LD_RUNPATH_SEARCH_PATHS = "$(inherited) @executable_path/Frameworks @loader_path/Frameworks";
				PRODUCT_NAME = "$(TARGET_NAME)";
				TEST_HOST = "$(BUILT_PRODUCTS_DIR)/CyvasseDev.app/CyvasseDev";
			};
			name = Release;
		};
/* End XCBuildConfiguration section */

/* Begin XCConfigurationList section */
		0A91C9ED1AAF32F700D7B54D /* Build configuration list for PBXProject "CyvasseDev" */ = {
			isa = XCConfigurationList;
			buildConfigurations = (
				0A91CA181AAF32F800D7B54D /* Debug */,
				0A91CA191AAF32F800D7B54D /* Release */,
			);
			defaultConfigurationIsVisible = 0;
			defaultConfigurationName = Release;
		};
		0A91CA1A1AAF32F800D7B54D /* Build configuration list for PBXNativeTarget "CyvasseDev" */ = {
			isa = XCConfigurationList;
			buildConfigurations = (
				0A91CA1B1AAF32F800D7B54D /* Debug */,
				0A91CA1C1AAF32F800D7B54D /* Release */,
			);
			defaultConfigurationIsVisible = 0;
			defaultConfigurationName = Release;
		};
		0A91CA1D1AAF32F800D7B54D /* Build configuration list for PBXNativeTarget "CyvasseDevTests" */ = {
			isa = XCConfigurationList;
			buildConfigurations = (
				0A91CA1E1AAF32F800D7B54D /* Debug */,
				0A91CA1F1AAF32F800D7B54D /* Release */,
			);
			defaultConfigurationIsVisible = 0;
			defaultConfigurationName = Release;
		};
/* End XCConfigurationList section */
	};
	rootObject = 0A91C9EA1AAF32F700D7B54D /* Project object */;
}
